{
    "name": "gd-express-basic",
    "version": "2.0.2",
    "lockfileVersion": 1,
    "requires": true,
    "dependencies": {
        "@types/express-serve-static-core": {
            "version": "4.0.53",
            "resolved": "http://r.cnpmjs.org/@types/express-serve-static-core/download/@types/express-serve-static-core-4.0.53.tgz",
            "integrity": "sha1-FyOjXRRH8sVeE8hyHqs0SOQvTYI=",
            "dev": true,
            "requires": {
                "@types/node": "8.0.28"
            }
        },
        "@types/node": {
            "version": "8.0.28",
            "resolved": "http://r.cnpmjs.org/@types/node/download/@types/node-8.0.28.tgz",
            "integrity": "sha1-hiBnFvjZJRz0FpLjhCZMvXBYrWA=",
            "dev": true
        },
        "express-serve-static-core": {
            "version": "0.1.1",
            "resolved": "http://r.cnpmjs.org/express-serve-static-core/download/express-serve-static-core-0.1.1.tgz",
            "integrity": "sha1-IiNYESp5vJ++AIOCMujNLjEy7zc="
        }
    }
}
